
Microsoft Visual Studio Solution File, Format Version 12.00
# Visual Studio 15
VisualStudioVersion = 15.0.28010.0
MinimumVisualStudioVersion = 10.0.40219.1
Project("{FAE04EC0-301F-11D3-BF4B-00C04F79EFBC}") = "ZCacheProj", "ZCacheProj\ZCacheProj.csproj", "{4D14092D-6DB3-436D-B8C8-68C06D274072}"
EndProject
Global
	GlobalSection(SolutionConfigurationPlatforms) = preSolution
		Debug|Any CPU = Debug|Any CPU
		Release|Any CPU = Release|Any CPU
	EndGlobalSection
	GlobalSection(ProjectConfigurationPlatforms) = postSolution
		{4D14092D-6DB3-436D-B8C8-68C06D274072}.Debug|Any CPU.ActiveCfg = Debug|Any CPU
		{4D14092D-6DB3-436D-B8C8-68C06D274072}.Debug|Any CPU.Build.0 = Debug|Any CPU
		{4D14092D-6DB3-436D-B8C8-68C06D274072}.Release|Any CPU.ActiveCfg = Release|Any CPU
		{4D14092D-6DB3-436D-B8C8-68C06D274072}.Release|Any CPU.Build.0 = Release|Any CPU
	EndGlobalSection
	GlobalSection(SolutionProperties) = preSolution
		HideSolutionNode = FALSE
	EndGlobalSection
	GlobalSection(ExtensibilityGlobals) = postSolution
		SolutionGuid = {CB209922-4447-447A-A83B-939DC3F3ABC8}
	EndGlobalSection
EndGlobal
